
Microsoft Visual Studio Solution File, Format Version 12.00
# Visual Studio Version 16
VisualStudioVersion = 16.0.29709.97
MinimumVisualStudioVersion = 10.0.40219.1
Project("{FAE04EC0-301F-11D3-BF4B-00C04F79EFBC}") = "8BD", "8BD\8BD.csproj", "{8082C94A-C2AD-4EC5-8F40-C6F4B4E65739}"
EndProject
Global
	GlobalSection(SolutionConfigurationPlatforms) = preSolution
		Debug|Any CPU = Debug|Any CPU
		Release|Any CPU = Release|Any CPU
	EndGlobalSection
	GlobalSection(ProjectConfigurationPlatforms) = postSolution
		{8082C94A-C2AD-4EC5-8F40-C6F4B4E65739}.Debug|Any CPU.ActiveCfg = Debug|Any CPU
		{8082C94A-C2AD-4EC5-8F40-C6F4B4E65739}.Debug|Any CPU.Build.0 = Debug|Any CPU
		{8082C94A-C2AD-4EC5-8F40-C6F4B4E65739}.Release|Any CPU.ActiveCfg = Release|Any CPU
		{8082C94A-C2AD-4EC5-8F40-C6F4B4E65739}.Release|Any CPU.Build.0 = Release|Any CPU
	EndGlobalSection
	GlobalSection(SolutionProperties) = preSolution
		HideSolutionNode = FALSE
	EndGlobalSection
	GlobalSection(ExtensibilityGlobals) = postSolution
		SolutionGuid = {6B6781C7-7426-4A29-A1C0-7F952A9F1393}
	EndGlobalSection
EndGlobal
